
Microsoft Visual Studio Solution File, Format Version 12.00
# Visual Studio Version 17
VisualStudioVersion = 17.0.31903.59
MinimumVisualStudioVersion = 10.0.40219.1
Project("{2150E333-8FDC-42A3-9474-1A3956D46DE8}") = "src", "src", "{827E0CD3-B72D-47B6-A68D-7590B98EB39B}"
EndProject
Project("{FAE04EC0-301F-11D3-BF4B-00C04F79EFBC}") = "CloudflareD1.NET", "src\CloudflareD1.NET\CloudflareD1.NET.csproj", "{DBA36962-10D9-4259-A077-CD62AF060D5F}"
EndProject
Project("{2150E333-8FDC-42A3-9474-1A3956D46DE8}") = "tests", "tests", "{0AB3BF05-4346-4AA6-1389-037BE0695223}"
EndProject
Project("{FAE04EC0-301F-11D3-BF4B-00C04F79EFBC}") = "CloudflareD1.NET.Tests", "tests\CloudflareD1.NET.Tests\CloudflareD1.NET.Tests.csproj", "{F0AEF442-5499-444A-8D8A-8F80D2F2DBA9}"
EndProject
Project("{2150E333-8FDC-42A3-9474-1A3956D46DE8}") = "samples", "samples", "{5D20AA90-6969-D8BD-9DCD-8634F4692FDA}"
EndProject
Project("{FAE04EC0-301F-11D3-BF4B-00C04F79EFBC}") = "ConsoleApp.Sample", "samples\ConsoleApp.Sample\ConsoleApp.Sample.csproj", "{7B658272-F520-4A1E-9DF5-C65C97479D88}"
EndProject
Project("{FAE04EC0-301F-11D3-BF4B-00C04F79EFBC}") = "WebApi.Sample", "samples\WebApi.Sample\WebApi.Sample.csproj", "{6AE687F7-322E-4D50-A14A-F8BA3D47FD40}"
EndProject
Project("{FAE04EC0-301F-11D3-BF4B-00C04F79EFBC}") = "CloudflareD1.NET.Linq", "src\CloudflareD1.NET.Linq\CloudflareD1.NET.Linq.csproj", "{F1262C0B-14EA-4FC6-A3E9-0FE9E6213E27}"
EndProject
Project("{FAE04EC0-301F-11D3-BF4B-00C04F79EFBC}") = "CloudflareD1.NET.Linq.Tests", "tests\CloudflareD1.NET.Linq.Tests\CloudflareD1.NET.Linq.Tests.csproj", "{E3B0C7C1-10F7-45B6-AE25-5A5BC05058FE}"
EndProject
Project("{FAE04EC0-301F-11D3-BF4B-00C04F79EFBC}") = "CloudflareD1.NET.Migrations", "src\CloudflareD1.NET.Migrations\CloudflareD1.NET.Migrations.csproj", "{BE45F300-DF2A-4801-97C5-1EE2EC421715}"
EndProject
Project("{FAE04EC0-301F-11D3-BF4B-00C04F79EFBC}") = "CloudflareD1.NET.Migrations.Tests", "tests\CloudflareD1.NET.Migrations.Tests\CloudflareD1.NET.Migrations.Tests.csproj", "{B1A85F05-9BD7-484A-B67C-473E4546BE67}"
EndProject
Project("{FAE04EC0-301F-11D3-BF4B-00C04F79EFBC}") = "CloudflareD1.NET.CodeFirst", "src\CloudflareD1.NET.CodeFirst\CloudflareD1.NET.CodeFirst.csproj", "{5A5A4235-28CE-47E9-B385-82BD81EAF483}"
EndProject
Project("{2150E333-8FDC-42A3-9474-1A3956D46DE8}") = "tools", "tools", "{07C2787E-EAC7-C090-1BA3-A61EC2A24D84}"
EndProject
Project("{FAE04EC0-301F-11D3-BF4B-00C04F79EFBC}") = "dotnet-d1", "tools\dotnet-d1\dotnet-d1.csproj", "{D93E14E4-6F6B-4D61-A7C0-A1F805009215}"
EndProject
Project("{FAE04EC0-301F-11D3-BF4B-00C04F79EFBC}") = "CloudflareD1.NET.CodeFirst.Tests", "tests\CloudflareD1.NET.CodeFirst.Tests\CloudflareD1.NET.CodeFirst.Tests.csproj", "{63437234-AE98-4115-AC56-00DA4D9EC728}"
EndProject
Project("{FAE04EC0-301F-11D3-BF4B-00C04F79EFBC}") = "CloudflareD1.NET.Migrations.IntegrationTests", "tests\CloudflareD1.NET.Migrations.IntegrationTests\CloudflareD1.NET.Migrations.IntegrationTests.csproj", "{D904669F-58D0-495A-8BFD-381DCB012A79}"
EndProject
Project("{FAE04EC0-301F-11D3-BF4B-00C04F79EFBC}") = "CloudflareD1.NET.Cli.E2E.Tests", "tests\CloudflareD1.NET.Cli.E2E.Tests\CloudflareD1.NET.Cli.E2E.Tests.csproj", "{FBE30BFC-7451-4E29-9A1E-4E83E1BD695D}"
EndProject
Global
	GlobalSection(SolutionConfigurationPlatforms) = preSolution
		Debug|Any CPU = Debug|Any CPU
		Debug|x64 = Debug|x64
		Debug|x86 = Debug|x86
		Release|Any CPU = Release|Any CPU
		Release|x64 = Release|x64
		Release|x86 = Release|x86
	EndGlobalSection
	GlobalSection(ProjectConfigurationPlatforms) = postSolution
		{DBA36962-10D9-4259-A077-CD62AF060D5F}.Debug|Any CPU.ActiveCfg = Debug|Any CPU
		{DBA36962-10D9-4259-A077-CD62AF060D5F}.Debug|Any CPU.Build.0 = Debug|Any CPU
		{DBA36962-10D9-4259-A077-CD62AF060D5F}.Debug|x64.ActiveCfg = Debug|Any CPU
		{DBA36962-10D9-4259-A077-CD62AF060D5F}.Debug|x64.Build.0 = Debug|Any CPU
		{DBA36962-10D9-4259-A077-CD62AF060D5F}.Debug|x86.ActiveCfg = Debug|Any CPU
		{DBA36962-10D9-4259-A077-CD62AF060D5F}.Debug|x86.Build.0 = Debug|Any CPU
		{DBA36962-10D9-4259-A077-CD62AF060D5F}.Release|Any CPU.ActiveCfg = Release|Any CPU
		{DBA36962-10D9-4259-A077-CD62AF060D5F}.Release|Any CPU.Build.0 = Release|Any CPU
		{DBA36962-10D9-4259-A077-CD62AF060D5F}.Release|x64.ActiveCfg = Release|Any CPU
		{DBA36962-10D9-4259-A077-CD62AF060D5F}.Release|x64.Build.0 = Release|Any CPU
		{DBA36962-10D9-4259-A077-CD62AF060D5F}.Release|x86.ActiveCfg = Release|Any CPU
		{DBA36962-10D9-4259-A077-CD62AF060D5F}.Release|x86.Build.0 = Release|Any CPU
		{F0AEF442-5499-444A-8D8A-8F80D2F2DBA9}.Debug|Any CPU.ActiveCfg = Debug|Any CPU
		{F0AEF442-5499-444A-8D8A-8F80D2F2DBA9}.Debug|Any CPU.Build.0 = Debug|Any CPU
		{F0AEF442-5499-444A-8D8A-8F80D2F2DBA9}.Debug|x64.ActiveCfg = Debug|Any CPU
		{F0AEF442-5499-444A-8D8A-8F80D2F2DBA9}.Debug|x64.Build.0 = Debug|Any CPU
		{F0AEF442-5499-444A-8D8A-8F80D2F2DBA9}.Debug|x86.ActiveCfg = Debug|Any CPU
		{F0AEF442-5499-444A-8D8A-8F80D2F2DBA9}.Debug|x86.Build.0 = Debug|Any CPU
		{F0AEF442-5499-444A-8D8A-8F80D2F2DBA9}.Release|Any CPU.ActiveCfg = Release|Any CPU
		{F0AEF442-5499-444A-8D8A-8F80D2F2DBA9}.Release|Any CPU.Build.0 = Release|Any CPU
		{F0AEF442-5499-444A-8D8A-8F80D2F2DBA9}.Release|x64.ActiveCfg = Release|Any CPU
		{F0AEF442-5499-444A-8D8A-8F80D2F2DBA9}.Release|x64.Build.0 = Release|Any CPU
		{F0AEF442-5499-444A-8D8A-8F80D2F2DBA9}.Release|x86.ActiveCfg = Release|Any CPU
		{F0AEF442-5499-444A-8D8A-8F80D2F2DBA9}.Release|x86.Build.0 = Release|Any CPU
		{7B658272-F520-4A1E-9DF5-C65C97479D88}.Debug|Any CPU.ActiveCfg = Debug|Any CPU
		{7B658272-F520-4A1E-9DF5-C65C97479D88}.Debug|Any CPU.Build.0 = Debug|Any CPU
		{7B658272-F520-4A1E-9DF5-C65C97479D88}.Debug|x64.ActiveCfg = Debug|Any CPU
		{7B658272-F520-4A1E-9DF5-C65C97479D88}.Debug|x64.Build.0 = Debug|Any CPU
		{7B658272-F520-4A1E-9DF5-C65C97479D88}.Debug|x86.ActiveCfg = Debug|Any CPU
		{7B658272-F520-4A1E-9DF5-C65C97479D88}.Debug|x86.Build.0 = Debug|Any CPU
		{7B658272-F520-4A1E-9DF5-C65C97479D88}.Release|Any CPU.ActiveCfg = Release|Any CPU
		{7B658272-F520-4A1E-9DF5-C65C97479D88}.Release|Any CPU.Build.0 = Release|Any CPU
		{7B658272-F520-4A1E-9DF5-C65C97479D88}.Release|x64.ActiveCfg = Release|Any CPU
		{7B658272-F520-4A1E-9DF5-C65C97479D88}.Release|x64.Build.0 = Release|Any CPU
		{7B658272-F520-4A1E-9DF5-C65C97479D88}.Release|x86.ActiveCfg = Release|Any CPU
		{7B658272-F520-4A1E-9DF5-C65C97479D88}.Release|x86.Build.0 = Release|Any CPU
		{6AE687F7-322E-4D50-A14A-F8BA3D47FD40}.Debug|Any CPU.ActiveCfg = Debug|Any CPU
		{6AE687F7-322E-4D50-A14A-F8BA3D47FD40}.Debug|Any CPU.Build.0 = Debug|Any CPU
		{6AE687F7-322E-4D50-A14A-F8BA3D47FD40}.Debug|x64.ActiveCfg = Debug|Any CPU
		{6AE687F7-322E-4D50-A14A-F8BA3D47FD40}.Debug|x64.Build.0 = Debug|Any CPU
		{6AE687F7-322E-4D50-A14A-F8BA3D47FD40}.Debug|x86.ActiveCfg = Debug|Any CPU
		{6AE687F7-322E-4D50-A14A-F8BA3D47FD40}.Debug|x86.Build.0 = Debug|Any CPU
		{6AE687F7-322E-4D50-A14A-F8BA3D47FD40}.Release|Any CPU.ActiveCfg = Release|Any CPU
		{6AE687F7-322E-4D50-A14A-F8BA3D47FD40}.Release|Any CPU.Build.0 = Release|Any CPU
		{6AE687F7-322E-4D50-A14A-F8BA3D47FD40}.Release|x64.ActiveCfg = Release|Any CPU
		{6AE687F7-322E-4D50-A14A-F8BA3D47FD40}.Release|x64.Build.0 = Release|Any CPU
		{6AE687F7-322E-4D50-A14A-F8BA3D47FD40}.Release|x86.ActiveCfg = Release|Any CPU
		{6AE687F7-322E-4D50-A14A-F8BA3D47FD40}.Release|x86.Build.0 = Release|Any CPU
		{F1262C0B-14EA-4FC6-A3E9-0FE9E6213E27}.Debug|Any CPU.ActiveCfg = Debug|Any CPU
		{F1262C0B-14EA-4FC6-A3E9-0FE9E6213E27}.Debug|Any CPU.Build.0 = Debug|Any CPU
		{F1262C0B-14EA-4FC6-A3E9-0FE9E6213E27}.Debug|x64.ActiveCfg = Debug|Any CPU
		{F1262C0B-14EA-4FC6-A3E9-0FE9E6213E27}.Debug|x64.Build.0 = Debug|Any CPU
		{F1262C0B-14EA-4FC6-A3E9-0FE9E6213E27}.Debug|x86.ActiveCfg = Debug|Any CPU
		{F1262C0B-14EA-4FC6-A3E9-0FE9E6213E27}.Debug|x86.Build.0 = Debug|Any CPU
		{F1262C0B-14EA-4FC6-A3E9-0FE9E6213E27}.Release|Any CPU.ActiveCfg = Release|Any CPU
		{F1262C0B-14EA-4FC6-A3E9-0FE9E6213E27}.Release|Any CPU.Build.0 = Release|Any CPU
		{F1262C0B-14EA-4FC6-A3E9-0FE9E6213E27}.Release|x64.ActiveCfg = Release|Any CPU
		{F1262C0B-14EA-4FC6-A3E9-0FE9E6213E27}.Release|x64.Build.0 = Release|Any CPU
		{F1262C0B-14EA-4FC6-A3E9-0FE9E6213E27}.Release|x86.ActiveCfg = Release|Any CPU
		{F1262C0B-14EA-4FC6-A3E9-0FE9E6213E27}.Release|x86.Build.0 = Release|Any CPU
		{E3B0C7C1-10F7-45B6-AE25-5A5BC05058FE}.Debug|Any CPU.ActiveCfg = Debug|Any CPU
		{E3B0C7C1-10F7-45B6-AE25-5A5BC05058FE}.Debug|Any CPU.Build.0 = Debug|Any CPU
		{E3B0C7C1-10F7-45B6-AE25-5A5BC05058FE}.Debug|x64.ActiveCfg = Debug|Any CPU
		{E3B0C7C1-10F7-45B6-AE25-5A5BC05058FE}.Debug|x64.Build.0 = Debug|Any CPU
		{E3B0C7C1-10F7-45B6-AE25-5A5BC05058FE}.Debug|x86.ActiveCfg = Debug|Any CPU
		{E3B0C7C1-10F7-45B6-AE25-5A5BC05058FE}.Debug|x86.Build.0 = Debug|Any CPU
		{E3B0C7C1-10F7-45B6-AE25-5A5BC05058FE}.Release|Any CPU.ActiveCfg = Release|Any CPU
		{E3B0C7C1-10F7-45B6-AE25-5A5BC05058FE}.Release|Any CPU.Build.0 = Release|Any CPU
		{E3B0C7C1-10F7-45B6-AE25-5A5BC05058FE}.Release|x64.ActiveCfg = Release|Any CPU
		{E3B0C7C1-10F7-45B6-AE25-5A5BC05058FE}.Release|x64.Build.0 = Release|Any CPU
		{E3B0C7C1-10F7-45B6-AE25-5A5BC05058FE}.Release|x86.ActiveCfg = Release|Any CPU
		{E3B0C7C1-10F7-45B6-AE25-5A5BC05058FE}.Release|x86.Build.0 = Release|Any CPU
		{BE45F300-DF2A-4801-97C5-1EE2EC421715}.Debug|Any CPU.ActiveCfg = Debug|Any CPU
		{BE45F300-DF2A-4801-97C5-1EE2EC421715}.Debug|Any CPU.Build.0 = Debug|Any CPU
		{BE45F300-DF2A-4801-97C5-1EE2EC421715}.Debug|x64.ActiveCfg = Debug|Any CPU
		{BE45F300-DF2A-4801-97C5-1EE2EC421715}.Debug|x64.Build.0 = Debug|Any CPU
		{BE45F300-DF2A-4801-97C5-1EE2EC421715}.Debug|x86.ActiveCfg = Debug|Any CPU
		{BE45F300-DF2A-4801-97C5-1EE2EC421715}.Debug|x86.Build.0 = Debug|Any CPU
		{BE45F300-DF2A-4801-97C5-1EE2EC421715}.Release|Any CPU.ActiveCfg = Release|Any CPU
		{BE45F300-DF2A-4801-97C5-1EE2EC421715}.Release|Any CPU.Build.0 = Release|Any CPU
		{BE45F300-DF2A-4801-97C5-1EE2EC421715}.Release|x64.ActiveCfg = Release|Any CPU
		{BE45F300-DF2A-4801-97C5-1EE2EC421715}.Release|x64.Build.0 = Release|Any CPU
		{BE45F300-DF2A-4801-97C5-1EE2EC421715}.Release|x86.ActiveCfg = Release|Any CPU
		{BE45F300-DF2A-4801-97C5-1EE2EC421715}.Release|x86.Build.0 = Release|Any CPU
		{B1A85F05-9BD7-484A-B67C-473E4546BE67}.Debug|Any CPU.ActiveCfg = Debug|Any CPU
		{B1A85F05-9BD7-484A-B67C-473E4546BE67}.Debug|Any CPU.Build.0 = Debug|Any CPU
		{B1A85F05-9BD7-484A-B67C-473E4546BE67}.Debug|x64.ActiveCfg = Debug|Any CPU
		{B1A85F05-9BD7-484A-B67C-473E4546BE67}.Debug|x64.Build.0 = Debug|Any CPU
		{B1A85F05-9BD7-484A-B67C-473E4546BE67}.Debug|x86.ActiveCfg = Debug|Any CPU
		{B1A85F05-9BD7-484A-B67C-473E4546BE67}.Debug|x86.Build.0 = Debug|Any CPU
		{B1A85F05-9BD7-484A-B67C-473E4546BE67}.Release|Any CPU.ActiveCfg = Release|Any CPU
		{B1A85F05-9BD7-484A-B67C-473E4546BE67}.Release|Any CPU.Build.0 = Release|Any CPU
		{B1A85F05-9BD7-484A-B67C-473E4546BE67}.Release|x64.ActiveCfg = Release|Any CPU
		{B1A85F05-9BD7-484A-B67C-473E4546BE67}.Release|x64.Build.0 = Release|Any CPU
		{B1A85F05-9BD7-484A-B67C-473E4546BE67}.Release|x86.ActiveCfg = Release|Any CPU
		{B1A85F05-9BD7-484A-B67C-473E4546BE67}.Release|x86.Build.0 = Release|Any CPU
		{5A5A4235-28CE-47E9-B385-82BD81EAF483}.Debug|Any CPU.ActiveCfg = Debug|Any CPU
		{5A5A4235-28CE-47E9-B385-82BD81EAF483}.Debug|Any CPU.Build.0 = Debug|Any CPU
		{5A5A4235-28CE-47E9-B385-82BD81EAF483}.Debug|x64.ActiveCfg = Debug|Any CPU
		{5A5A4235-28CE-47E9-B385-82BD81EAF483}.Debug|x64.Build.0 = Debug|Any CPU
		{5A5A4235-28CE-47E9-B385-82BD81EAF483}.Debug|x86.ActiveCfg = Debug|Any CPU
		{5A5A4235-28CE-47E9-B385-82BD81EAF483}.Debug|x86.Build.0 = Debug|Any CPU
		{5A5A4235-28CE-47E9-B385-82BD81EAF483}.Release|Any CPU.ActiveCfg = Release|Any CPU
		{5A5A4235-28CE-47E9-B385-82BD81EAF483}.Release|Any CPU.Build.0 = Release|Any CPU
		{5A5A4235-28CE-47E9-B385-82BD81EAF483}.Release|x64.ActiveCfg = Release|Any CPU
		{5A5A4235-28CE-47E9-B385-82BD81EAF483}.Release|x64.Build.0 = Release|Any CPU
		{5A5A4235-28CE-47E9-B385-82BD81EAF483}.Release|x86.ActiveCfg = Release|Any CPU
		{5A5A4235-28CE-47E9-B385-82BD81EAF483}.Release|x86.Build.0 = Release|Any CPU
		{D93E14E4-6F6B-4D61-A7C0-A1F805009215}.Debug|Any CPU.ActiveCfg = Debug|Any CPU
		{D93E14E4-6F6B-4D61-A7C0-A1F805009215}.Debug|Any CPU.Build.0 = Debug|Any CPU
		{D93E14E4-6F6B-4D61-A7C0-A1F805009215}.Debug|x64.ActiveCfg = Debug|Any CPU
		{D93E14E4-6F6B-4D61-A7C0-A1F805009215}.Debug|x64.Build.0 = Debug|Any CPU
		{D93E14E4-6F6B-4D61-A7C0-A1F805009215}.Debug|x86.ActiveCfg = Debug|Any CPU
		{D93E14E4-6F6B-4D61-A7C0-A1F805009215}.Debug|x86.Build.0 = Debug|Any CPU
		{D93E14E4-6F6B-4D61-A7C0-A1F805009215}.Release|Any CPU.ActiveCfg = Release|Any CPU
		{D93E14E4-6F6B-4D61-A7C0-A1F805009215}.Release|Any CPU.Build.0 = Release|Any CPU
		{D93E14E4-6F6B-4D61-A7C0-A1F805009215}.Release|x64.ActiveCfg = Release|Any CPU
		{D93E14E4-6F6B-4D61-A7C0-A1F805009215}.Release|x64.Build.0 = Release|Any CPU
		{D93E14E4-6F6B-4D61-A7C0-A1F805009215}.Release|x86.ActiveCfg = Release|Any CPU
		{D93E14E4-6F6B-4D61-A7C0-A1F805009215}.Release|x86.Build.0 = Release|Any CPU
		{63437234-AE98-4115-AC56-00DA4D9EC728}.Debug|Any CPU.ActiveCfg = Debug|Any CPU
		{63437234-AE98-4115-AC56-00DA4D9EC728}.Debug|Any CPU.Build.0 = Debug|Any CPU
		{63437234-AE98-4115-AC56-00DA4D9EC728}.Debug|x64.ActiveCfg = Debug|Any CPU
		{63437234-AE98-4115-AC56-00DA4D9EC728}.Debug|x64.Build.0 = Debug|Any CPU
		{63437234-AE98-4115-AC56-00DA4D9EC728}.Debug|x86.ActiveCfg = Debug|Any CPU
		{63437234-AE98-4115-AC56-00DA4D9EC728}.Debug|x86.Build.0 = Debug|Any CPU
		{63437234-AE98-4115-AC56-00DA4D9EC728}.Release|Any CPU.ActiveCfg = Release|Any CPU
		{63437234-AE98-4115-AC56-00DA4D9EC728}.Release|Any CPU.Build.0 = Release|Any CPU
		{63437234-AE98-4115-AC56-00DA4D9EC728}.Release|x64.ActiveCfg = Release|Any CPU
		{63437234-AE98-4115-AC56-00DA4D9EC728}.Release|x64.Build.0 = Release|Any CPU
		{63437234-AE98-4115-AC56-00DA4D9EC728}.Release|x86.ActiveCfg = Release|Any CPU
		{63437234-AE98-4115-AC56-00DA4D9EC728}.Release|x86.Build.0 = Release|Any CPU
		{D904669F-58D0-495A-8BFD-381DCB012A79}.Debug|Any CPU.ActiveCfg = Debug|Any CPU
		{D904669F-58D0-495A-8BFD-381DCB012A79}.Debug|Any CPU.Build.0 = Debug|Any CPU
		{D904669F-58D0-495A-8BFD-381DCB012A79}.Debug|x64.ActiveCfg = Debug|Any CPU
		{D904669F-58D0-495A-8BFD-381DCB012A79}.Debug|x64.Build.0 = Debug|Any CPU
		{D904669F-58D0-495A-8BFD-381DCB012A79}.Debug|x86.ActiveCfg = Debug|Any CPU
		{D904669F-58D0-495A-8BFD-381DCB012A79}.Debug|x86.Build.0 = Debug|Any CPU
		{D904669F-58D0-495A-8BFD-381DCB012A79}.Release|Any CPU.ActiveCfg = Release|Any CPU
		{D904669F-58D0-495A-8BFD-381DCB012A79}.Release|Any CPU.Build.0 = Release|Any CPU
		{D904669F-58D0-495A-8BFD-381DCB012A79}.Release|x64.ActiveCfg = Release|Any CPU
		{D904669F-58D0-495A-8BFD-381DCB012A79}.Release|x64.Build.0 = Release|Any CPU
		{D904669F-58D0-495A-8BFD-381DCB012A79}.Release|x86.ActiveCfg = Release|Any CPU
		{D904669F-58D0-495A-8BFD-381DCB012A79}.Release|x86.Build.0 = Release|Any CPU
		{FBE30BFC-7451-4E29-9A1E-4E83E1BD695D}.Debug|Any CPU.ActiveCfg = Debug|Any CPU
		{FBE30BFC-7451-4E29-9A1E-4E83E1BD695D}.Debug|Any CPU.Build.0 = Debug|Any CPU
		{FBE30BFC-7451-4E29-9A1E-4E83E1BD695D}.Debug|x64.ActiveCfg = Debug|Any CPU
		{FBE30BFC-7451-4E29-9A1E-4E83E1BD695D}.Debug|x64.Build.0 = Debug|Any CPU
		{FBE30BFC-7451-4E29-9A1E-4E83E1BD695D}.Debug|x86.ActiveCfg = Debug|Any CPU
		{FBE30BFC-7451-4E29-9A1E-4E83E1BD695D}.Debug|x86.Build.0 = Debug|Any CPU
		{FBE30BFC-7451-4E29-9A1E-4E83E1BD695D}.Release|Any CPU.ActiveCfg = Release|Any CPU
		{FBE30BFC-7451-4E29-9A1E-4E83E1BD695D}.Release|Any CPU.Build.0 = Release|Any CPU
		{FBE30BFC-7451-4E29-9A1E-4E83E1BD695D}.Release|x64.ActiveCfg = Release|Any CPU
		{FBE30BFC-7451-4E29-9A1E-4E83E1BD695D}.Release|x64.Build.0 = Release|Any CPU
		{FBE30BFC-7451-4E29-9A1E-4E83E1BD695D}.Release|x86.ActiveCfg = Release|Any CPU
		{FBE30BFC-7451-4E29-9A1E-4E83E1BD695D}.Release|x86.Build.0 = Release|Any CPU
	EndGlobalSection
	GlobalSection(SolutionProperties) = preSolution
		HideSolutionNode = FALSE
	EndGlobalSection
	GlobalSection(NestedProjects) = preSolution
		{DBA36962-10D9-4259-A077-CD62AF060D5F} = {827E0CD3-B72D-47B6-A68D-7590B98EB39B}
		{F0AEF442-5499-444A-8D8A-8F80D2F2DBA9} = {0AB3BF05-4346-4AA6-1389-037BE0695223}
		{7B658272-F520-4A1E-9DF5-C65C97479D88} = {5D20AA90-6969-D8BD-9DCD-8634F4692FDA}
		{6AE687F7-322E-4D50-A14A-F8BA3D47FD40} = {5D20AA90-6969-D8BD-9DCD-8634F4692FDA}
		{F1262C0B-14EA-4FC6-A3E9-0FE9E6213E27} = {827E0CD3-B72D-47B6-A68D-7590B98EB39B}
		{E3B0C7C1-10F7-45B6-AE25-5A5BC05058FE} = {0AB3BF05-4346-4AA6-1389-037BE0695223}
		{BE45F300-DF2A-4801-97C5-1EE2EC421715} = {827E0CD3-B72D-47B6-A68D-7590B98EB39B}
		{B1A85F05-9BD7-484A-B67C-473E4546BE67} = {0AB3BF05-4346-4AA6-1389-037BE0695223}
		{5A5A4235-28CE-47E9-B385-82BD81EAF483} = {827E0CD3-B72D-47B6-A68D-7590B98EB39B}
		{D93E14E4-6F6B-4D61-A7C0-A1F805009215} = {07C2787E-EAC7-C090-1BA3-A61EC2A24D84}
		{63437234-AE98-4115-AC56-00DA4D9EC728} = {0AB3BF05-4346-4AA6-1389-037BE0695223}
		{D904669F-58D0-495A-8BFD-381DCB012A79} = {0AB3BF05-4346-4AA6-1389-037BE0695223}
		{FBE30BFC-7451-4E29-9A1E-4E83E1BD695D} = {0AB3BF05-4346-4AA6-1389-037BE0695223}
	EndGlobalSection
EndGlobal
